
Microsoft Visual Studio Solution File, Format Version 12.00
# Visual Studio 15
VisualStudioVersion = 15.0.28010.2046
MinimumVisualStudioVersion = 10.0.40219.1
Project("{FAE04EC0-301F-11D3-BF4B-00C04F79EFBC}") = "TestAppForm", "TestAppForm\TestAppForm.csproj", "{570D122A-5D30-4F17-A258-9CA83D8EF2F0}"
EndProject
Global
	GlobalSection(SolutionConfigurationPlatforms) = preSolution
		Debug|Any CPU = Debug|Any CPU
		Release|Any CPU = Release|Any CPU
	EndGlobalSection
	GlobalSection(ProjectConfigurationPlatforms) = postSolution
		{570D122A-5D30-4F17-A258-9CA83D8EF2F0}.Debug|Any CPU.ActiveCfg = Debug|Any CPU
		{570D122A-5D30-4F17-A258-9CA83D8EF2F0}.Debug|Any CPU.Build.0 = Debug|Any CPU
		{570D122A-5D30-4F17-A258-9CA83D8EF2F0}.Release|Any CPU.ActiveCfg = Release|Any CPU
		{570D122A-5D30-4F17-A258-9CA83D8EF2F0}.Release|Any CPU.Build.0 = Release|Any CPU
	EndGlobalSection
	GlobalSection(SolutionProperties) = preSolution
		HideSolutionNode = FALSE
	EndGlobalSection
	GlobalSection(ExtensibilityGlobals) = postSolution
		SolutionGuid = {EE309D1B-CB50-4D1E-9815-256CBD121045}
	EndGlobalSection
EndGlobal
